
Microsoft Visual Studio Solution File, Format Version 11.00
# Visual Studio 2010
Project("{F184B08F-C81C-45F6-A57F-5ABD9991F28F}") = "4-3-32", "4-3-32.vbproj", "{2DF49E39-B6E6-4341-9AF5-465680BC417F}"
EndProject
Global
	GlobalSection(SolutionConfigurationPlatforms) = preSolution
		Debug|x86 = Debug|x86
		Release|x86 = Release|x86
	EndGlobalSection
	GlobalSection(ProjectConfigurationPlatforms) = postSolution
		{2DF49E39-B6E6-4341-9AF5-465680BC417F}.Debug|x86.ActiveCfg = Debug|x86
		{2DF49E39-B6E6-4341-9AF5-465680BC417F}.Debug|x86.Build.0 = Debug|x86
		{2DF49E39-B6E6-4341-9AF5-465680BC417F}.Release|x86.ActiveCfg = Release|x86
		{2DF49E39-B6E6-4341-9AF5-465680BC417F}.Release|x86.Build.0 = Release|x86
	EndGlobalSection
	GlobalSection(SolutionProperties) = preSolution
		HideSolutionNode = FALSE
	EndGlobalSection
EndGlobal
