
Microsoft Visual Studio Solution File, Format Version 11.00
# Visual Studio 2010
Project("{F184B08F-C81C-45F6-A57F-5ABD9991F28F}") = "3-2-42", "3-2-42.vbproj", "{7B464055-AFDA-430C-A8CD-EA1706D7E8A0}"
EndProject
Global
	GlobalSection(SolutionConfigurationPlatforms) = preSolution
		Debug|x86 = Debug|x86
		Release|x86 = Release|x86
	EndGlobalSection
	GlobalSection(ProjectConfigurationPlatforms) = postSolution
		{7B464055-AFDA-430C-A8CD-EA1706D7E8A0}.Debug|x86.ActiveCfg = Debug|x86
		{7B464055-AFDA-430C-A8CD-EA1706D7E8A0}.Debug|x86.Build.0 = Debug|x86
		{7B464055-AFDA-430C-A8CD-EA1706D7E8A0}.Release|x86.ActiveCfg = Release|x86
		{7B464055-AFDA-430C-A8CD-EA1706D7E8A0}.Release|x86.Build.0 = Release|x86
	EndGlobalSection
	GlobalSection(SolutionProperties) = preSolution
		HideSolutionNode = FALSE
	EndGlobalSection
EndGlobal
