
Microsoft Visual Studio Solution File, Format Version 11.00
# Visual Studio 2010
Project("{F184B08F-C81C-45F6-A57F-5ABD9991F28F}") = "3-2-41", "3-2-41\3-2-41.vbproj", "{778840A3-B76E-4DAB-BC9F-67C65646A704}"
EndProject
Global
	GlobalSection(SolutionConfigurationPlatforms) = preSolution
		Debug|x86 = Debug|x86
		Release|x86 = Release|x86
	EndGlobalSection
	GlobalSection(ProjectConfigurationPlatforms) = postSolution
		{778840A3-B76E-4DAB-BC9F-67C65646A704}.Debug|x86.ActiveCfg = Debug|x86
		{778840A3-B76E-4DAB-BC9F-67C65646A704}.Debug|x86.Build.0 = Debug|x86
		{778840A3-B76E-4DAB-BC9F-67C65646A704}.Release|x86.ActiveCfg = Release|x86
		{778840A3-B76E-4DAB-BC9F-67C65646A704}.Release|x86.Build.0 = Release|x86
	EndGlobalSection
	GlobalSection(SolutionProperties) = preSolution
		HideSolutionNode = FALSE
	EndGlobalSection
EndGlobal
